
Microsoft Visual Studio Solution File, Format Version 12.00
# Visual Studio Version 17
VisualStudioVersion = 17.6.33829.357
MinimumVisualStudioVersion = 10.0.40219.1
Project("{9A19103F-16F7-4668-BE54-9A1E7A4F7556}") = "AppointmentApp", "AppointmentApp\AppointmentApp.csproj", "{6831B52B-5450-4049-9B1B-B78863B0A32B}"
EndProject
Project("{2150E333-8FDC-42A3-9474-1A3956D46DE8}") = "Src", "Src", "{BFD3DE22-B8FC-4F98-9D29-91D7AD9571D9}"
EndProject
Project("{2150E333-8FDC-42A3-9474-1A3956D46DE8}") = "doc", "doc", "{34EF1B0E-FB82-4871-AD27-0D5874D33988}"
	ProjectSection(SolutionItems) = preProject
		..\..\diagram.jpg = ..\..\diagram.jpg
	EndProjectSection
EndProject
Global
	GlobalSection(SolutionConfigurationPlatforms) = preSolution
		Debug|Any CPU = Debug|Any CPU
		Release|Any CPU = Release|Any CPU
	EndGlobalSection
	GlobalSection(ProjectConfigurationPlatforms) = postSolution
		{6831B52B-5450-4049-9B1B-B78863B0A32B}.Debug|Any CPU.ActiveCfg = Debug|Any CPU
		{6831B52B-5450-4049-9B1B-B78863B0A32B}.Debug|Any CPU.Build.0 = Debug|Any CPU
		{6831B52B-5450-4049-9B1B-B78863B0A32B}.Release|Any CPU.ActiveCfg = Release|Any CPU
		{6831B52B-5450-4049-9B1B-B78863B0A32B}.Release|Any CPU.Build.0 = Release|Any CPU
	EndGlobalSection
	GlobalSection(SolutionProperties) = preSolution
		HideSolutionNode = FALSE
	EndGlobalSection
	GlobalSection(NestedProjects) = preSolution
		{6831B52B-5450-4049-9B1B-B78863B0A32B} = {BFD3DE22-B8FC-4F98-9D29-91D7AD9571D9}
	EndGlobalSection
	GlobalSection(ExtensibilityGlobals) = postSolution
		SolutionGuid = {0CEBDD7D-28B9-4E77-A1B8-5886F7CDB484}
	EndGlobalSection
EndGlobal
